
Microsoft Visual Studio Solution File, Format Version 12.00
# Visual Studio Version 17
VisualStudioVersion = 17.5.33530.505
MinimumVisualStudioVersion = 10.0.40219.1
Project("{FAE04EC0-301F-11D3-BF4B-00C04F79EFBC}") = "BethanysPieShop", "BethanysPieShop\BethanysPieShop.csproj", "{6383CDF5-93AD-4A37-A6BC-E53BFADA890C}"
EndProject
Global
	GlobalSection(SolutionConfigurationPlatforms) = preSolution
		Debug|Any CPU = Debug|Any CPU
		Release|Any CPU = Release|Any CPU
	EndGlobalSection
	GlobalSection(ProjectConfigurationPlatforms) = postSolution
		{6383CDF5-93AD-4A37-A6BC-E53BFADA890C}.Debug|Any CPU.ActiveCfg = Debug|Any CPU
		{6383CDF5-93AD-4A37-A6BC-E53BFADA890C}.Debug|Any CPU.Build.0 = Debug|Any CPU
		{6383CDF5-93AD-4A37-A6BC-E53BFADA890C}.Release|Any CPU.ActiveCfg = Release|Any CPU
		{6383CDF5-93AD-4A37-A6BC-E53BFADA890C}.Release|Any CPU.Build.0 = Release|Any CPU
	EndGlobalSection
	GlobalSection(SolutionProperties) = preSolution
		HideSolutionNode = FALSE
	EndGlobalSection
	GlobalSection(ExtensibilityGlobals) = postSolution
		SolutionGuid = {DB6A0D9D-C9C8-4E1C-A368-E72D97852533}
	EndGlobalSection
EndGlobal
